<?xml version="1.0" encoding="utf-8"?>
<Project ToolsVersion="4.0" xmlns="http://schemas.microsoft.com/developer/msbuild/2003">
  <ItemGroup>
    <Filter Include="Source Files">
      <UniqueIdentifier>{4FC737F1-C7A5-4376-A066-2A32D752A2FF}</UniqueIdentifier>
      <Extensions>cpp;c;cc;cxx;c++;cppm;ixx;def;odl;idl;hpj;bat;asm;asmx</Extensions>
    </Filter>
    <Filter Include="Resource Files">
      <UniqueIdentifier>{67DA6AB6-F800-4c08-8B7A-83BB121AAD01}</UniqueIdentifier>
      <Extensions>rc;ico;cur;bmp;dlg;rc2;rct;bin;rgs;gif;jpg;jpeg;jpe;resx;tiff;tif;png;wav;mfcribbon-ms</Extensions>
    </Filter>
    <Filter Include="Resource Files\shaders">
      <UniqueIdentifier>{a6d8ffda-7a91-4f2e-beb5-8db1ddcbaa10}</UniqueIdentifier>
    </Filter>
    <Filter Include="Header Files">
      <UniqueIdentifier>{ea5e3121-09c9-4b58-a896-7c3ea4e92ce7}</UniqueIdentifier>
    </Filter>
    <Filter Include="Resource Files\meshes">
      <UniqueIdentifier>{2c9ace03-ff62-4b9c-ac17-f6cb4853800c}</UniqueIdentifier>
    </Filter>
    <Filter Include="Header Files\Rendering">
      <UniqueIdentifier>{c6e87dfd-e88c-4251-826d-53911e972d83}</UniqueIdentifier>
    </Filter>
    <Filter Include="Header Files\Rendering\Resources">
      <UniqueIdentifier>{97077f1d-7a2e-4fbf-8928-2c88488e6f6d}</UniqueIdentifier>
    </Filter>
    <Filter Include="Header Files\Components">
      <UniqueIdentifier>{a0c3fda5-a803-43c6-8179-352b3132cce2}</UniqueIdentifier>
    </Filter>
    <Filter Include="Source Files\Components">
      <UniqueIdentifier>{dc095a29-1a58-4da3-876d-e0d79d8450a1}</UniqueIdentifier>
    </Filter>
    <Filter Include="Source Files\Rendering">
      <UniqueIdentifier>{71a2a272-d879-4ec6-97d0-3068fe2c47c5}</UniqueIdentifier>
    </Filter>
    <Filter Include="Source Files\Rendering\Resources">
      <UniqueIdentifier>{cd7a311c-370c-4572-b66d-94c6e3e9c917}</UniqueIdentifier>
    </Filter>
  </ItemGroup>
  <ItemGroup>
    <ClCompile Include="Source\main.cpp">
      <Filter>Source Files</Filter>
    </ClCompile>
    <ClCompile Include="Source\Rendering\Window\AppWindow.cpp">
      <Filter>Source Files\Rendering</Filter>
    </ClCompile>
    <ClCompile Include="Source\Components\Transform.cpp">
      <Filter>Source Files\Components</Filter>
    </ClCompile>
    <ClCompile Include="Source\Components\FlagManager.h">
      <Filter>Header Files\Components</Filter>
    </ClCompile>
    <ClCompile Include="Source\Rendering\Resources\Shader.cpp">
      <Filter>Source Files\Rendering\Resources</Filter>
    </ClCompile>
    <ClCompile Include="Source\Rendering\Resources\Texture.cpp">
      <Filter>Source Files\Rendering\Resources</Filter>
    </ClCompile>
    <ClCompile Include="Source\Components\Projection.cpp">
      <Filter>Source Files</Filter>
    </ClCompile>
    <ClCompile Include="Source\Rendering\Resources\ShaderProgram.cpp">
      <Filter>Source Files</Filter>
    </ClCompile>
    <ClCompile Include="Source\Rendering\Resources\GLbuffer.cpp">
      <Filter>Source Files</Filter>
    </ClCompile>
    <ClCompile Include="Source\Systems\TransformSystem.cpp">
      <Filter>Source Files</Filter>
    </ClCompile>
    <ClCompile Include="Source\Components\Mesh.cpp">
      <Filter>Source Files</Filter>
    </ClCompile>
    <ClCompile Include="Source\Systems\LoadSystem.cpp">
      <Filter>Source Files</Filter>
    </ClCompile>
    <ClCompile Include="Source\Systems\HierarchySystem.cpp">
      <Filter>Source Files</Filter>
    </ClCompile>
    <ClCompile Include="Source\Systems\RenderSystem.cpp">
      <Filter>Source Files</Filter>
    </ClCompile>
    <ClCompile Include="Source\Components\Material.cpp">
      <Filter>Source Files</Filter>
    </ClCompile>
    <ClCompile Include="Source\Rendering\Resources\Framebuffer.cpp">
      <Filter>Source Files</Filter>
    </ClCompile>
  </ItemGroup>
  <ItemGroup>
    <None Include="Resources\shaders\default.frag">
      <Filter>Resource Files\shaders</Filter>
    </None>
    <None Include="Resources\meshes\Hat.mtl">
      <Filter>Resource Files\meshes</Filter>
    </None>
    <None Include="Resources\shaders\default.vert" />
    <None Include="Resources\meshes\Person.fbx" />
    <None Include="Resources\meshes\Owl.fbx" />
    <None Include="Resources\meshes\Punk.fbx" />
    <None Include="Resources\shaders\depth_prepass.frag" />
    <None Include="Resources\shaders\depth_prepass.vert" />
    <None Include="Resources\shaders\light_accumul.vert" />
    <None Include="Resources\shaders\light_culling.comp" />
    <None Include="Resources\shaders\light_accumul.frag" />
    <None Include="Resources\shaders\cluster_shading.vert" />
    <None Include="Resources\shaders\cluster_culling.comp" />
    <None Include="Resources\shaders\cluster_prepass.comp" />
    <None Include="Resources\shaders\cluster_shading.frag" />
  </ItemGroup>
  <ItemGroup>
    <ClInclude Include="Source\Rendering\Resources\Texture.h">
      <Filter>Header Files\Rendering\Resources</Filter>
    </ClInclude>
    <ClInclude Include="Source\Rendering\Resources\Resource.h">
      <Filter>Header Files\Rendering\Resources</Filter>
    </ClInclude>
    <ClInclude Include="Source\Rendering\Resources\Shader.h">
      <Filter>Header Files\Rendering\Resources</Filter>
    </ClInclude>
    <ClInclude Include="Source\Components\Hierarchy.h">
      <Filter>Header Files\Components</Filter>
    </ClInclude>
    <ClInclude Include="Source\Components\Transform.h">
      <Filter>Header Files\Components</Filter>
    </ClInclude>
    <ClInclude Include="Source\Rendering\Window\AppWindow.h">
      <Filter>Header Files\Rendering</Filter>
    </ClInclude>
    <ClInclude Include="Source\Scene.h">
      <Filter>Header Files\Components</Filter>
    </ClInclude>
    <ClInclude Include="Source\Components\Flag.h">
      <Filter>Header Files\Components</Filter>
    </ClInclude>
    <ClInclude Include="Source\Components\Material.h">
      <Filter>Header Files\Rendering\Resources</Filter>
    </ClInclude>
    <ClInclude Include="Source\Components\Projection.h">
      <Filter>Header Files\Rendering\Resources</Filter>
    </ClInclude>
    <ClInclude Include="Source\Rendering\Window\Inputs.h" />
    <ClInclude Include="Source\Rendering\Window\Inputs.cpp" />
    <ClInclude Include="Source\Rendering\Resources\ShaderProgram.h" />
    <ClInclude Include="Source\Rendering\Resources\GLbuffer.h" />
    <ClInclude Include="Source\Systems\entt_macros.h" />
    <ClInclude Include="Source\Systems\TransformSystem.h" />
    <ClInclude Include="Source\Components\Mesh.h" />
    <ClInclude Include="Source\Systems\RenderSystem.h" />
    <ClInclude Include="Source\Systems\LoadSystem.h" />
    <ClInclude Include="Source\Systems\HierarchySystem.h" />
    <ClInclude Include="Source\Components\PointLight.h" />
    <ClInclude Include="Source\Rendering\Resources\Framebuffer.h" />
  </ItemGroup>
  <ItemGroup>
    <Object Include="Resources\meshes\Hat.obj">
      <Filter>Resource Files\meshes</Filter>
    </Object>
    <Object Include="Resources\meshes\cube.obj">
      <Filter>Resource Files\meshes</Filter>
    </Object>
  </ItemGroup>
  <ItemGroup>
    <Image Include="Resources\textures\Image1.png">
      <Filter>Resource Files</Filter>
    </Image>
    <Image Include="Resources\textures\Image2.png">
      <Filter>Resource Files</Filter>
    </Image>
    <Image Include="Resources\textures\Image3.png">
      <Filter>Resource Files</Filter>
    </Image>
    <Image Include="Resources\meshes\textures\color.tga" />
    <Image Include="Resources\meshes\textures\metal.tga" />
    <Image Include="Resources\meshes\textures\normal.tga" />
    <Image Include="Resources\meshes\textures\rough.tga" />
    <Image Include="Resources\textures\Image4.png">
      <Filter>Resource Files</Filter>
    </Image>
    <Image Include="Resources\textures\pigeon.jpg">
      <Filter>Resource Files</Filter>
    </Image>
  </ItemGroup>
  <ItemGroup>
    <Text Include="Source\notes.txt" />
  </ItemGroup>
</Project>